
Microsoft Visual Studio Solution File, Format Version 12.00
# Visual Studio 15
VisualStudioVersion = 15.0.28307.102
MinimumVisualStudioVersion = 10.0.40219.1
Project("{FAE04EC0-301F-11D3-BF4B-00C04F79EFBC}") = "CiftciEvi.Web", "CiftciEvi\CiftciEvi.Web.csproj", "{2A671A2D-AD1F-44E7-A109-C371409E3B8B}"
EndProject
Project("{FAE04EC0-301F-11D3-BF4B-00C04F79EFBC}") = "CiftciEvi.BusinessLayer", "CiftciEvi.BusinessLayer\CiftciEvi.BusinessLayer.csproj", "{AB1B5F06-E1F0-483F-90FD-A7C9D17F2307}"
EndProject
Project("{FAE04EC0-301F-11D3-BF4B-00C04F79EFBC}") = "CiftciEvi.DataLayer", "CiftciEvi.DataLayer\CiftciEvi.DataLayer.csproj", "{29F4E6F5-825F-4DE8-8F00-B1F1D8798E18}"
EndProject
Global
	GlobalSection(SolutionConfigurationPlatforms) = preSolution
		Debug|Any CPU = Debug|Any CPU
		Release|Any CPU = Release|Any CPU
	EndGlobalSection
	GlobalSection(ProjectConfigurationPlatforms) = postSolution
		{2A671A2D-AD1F-44E7-A109-C371409E3B8B}.Debug|Any CPU.ActiveCfg = Debug|Any CPU
		{2A671A2D-AD1F-44E7-A109-C371409E3B8B}.Debug|Any CPU.Build.0 = Debug|Any CPU
		{2A671A2D-AD1F-44E7-A109-C371409E3B8B}.Release|Any CPU.ActiveCfg = Release|Any CPU
		{2A671A2D-AD1F-44E7-A109-C371409E3B8B}.Release|Any CPU.Build.0 = Release|Any CPU
		{AB1B5F06-E1F0-483F-90FD-A7C9D17F2307}.Debug|Any CPU.ActiveCfg = Debug|Any CPU
		{AB1B5F06-E1F0-483F-90FD-A7C9D17F2307}.Debug|Any CPU.Build.0 = Debug|Any CPU
		{AB1B5F06-E1F0-483F-90FD-A7C9D17F2307}.Release|Any CPU.ActiveCfg = Release|Any CPU
		{AB1B5F06-E1F0-483F-90FD-A7C9D17F2307}.Release|Any CPU.Build.0 = Release|Any CPU
		{29F4E6F5-825F-4DE8-8F00-B1F1D8798E18}.Debug|Any CPU.ActiveCfg = Debug|Any CPU
		{29F4E6F5-825F-4DE8-8F00-B1F1D8798E18}.Debug|Any CPU.Build.0 = Debug|Any CPU
		{29F4E6F5-825F-4DE8-8F00-B1F1D8798E18}.Release|Any CPU.ActiveCfg = Release|Any CPU
		{29F4E6F5-825F-4DE8-8F00-B1F1D8798E18}.Release|Any CPU.Build.0 = Release|Any CPU
	EndGlobalSection
	GlobalSection(SolutionProperties) = preSolution
		HideSolutionNode = FALSE
	EndGlobalSection
	GlobalSection(ExtensibilityGlobals) = postSolution
		SolutionGuid = {56B6D568-80D3-4978-8DE0-C69F8290C1AB}
	EndGlobalSection
EndGlobal
