
Microsoft Visual Studio Solution File, Format Version 12.00
# Visual Studio 15
VisualStudioVersion = 15.0.28307.102
MinimumVisualStudioVersion = 10.0.40219.1
Project("{FAE04EC0-301F-11D3-BF4B-00C04F79EFBC}") = "CiftciEvi.Web", "CiftciEvi\CiftciEvi.Web.csproj", "{2A671A2D-AD1F-44E7-A109-C371409E3B8B}"
EndProject
Project("{FAE04EC0-301F-11D3-BF4B-00C04F79EFBC}") = "CiftciEvi.BusinessLayer", "CiftciEvi.BusinessLayer\CiftciEvi.BusinessLayer.csproj", "{0FD7FB23-328B-4B80-984C-9D026C460CED}"
EndProject
Global
	GlobalSection(SolutionConfigurationPlatforms) = preSolution
		Debug|Any CPU = Debug|Any CPU
		Release|Any CPU = Release|Any CPU
	EndGlobalSection
	GlobalSection(ProjectConfigurationPlatforms) = postSolution
		{2A671A2D-AD1F-44E7-A109-C371409E3B8B}.Debug|Any CPU.ActiveCfg = Debug|Any CPU
		{2A671A2D-AD1F-44E7-A109-C371409E3B8B}.Debug|Any CPU.Build.0 = Debug|Any CPU
		{2A671A2D-AD1F-44E7-A109-C371409E3B8B}.Release|Any CPU.ActiveCfg = Release|Any CPU
		{2A671A2D-AD1F-44E7-A109-C371409E3B8B}.Release|Any CPU.Build.0 = Release|Any CPU
		{0FD7FB23-328B-4B80-984C-9D026C460CED}.Debug|Any CPU.ActiveCfg = Debug|Any CPU
		{0FD7FB23-328B-4B80-984C-9D026C460CED}.Debug|Any CPU.Build.0 = Debug|Any CPU
		{0FD7FB23-328B-4B80-984C-9D026C460CED}.Release|Any CPU.ActiveCfg = Release|Any CPU
		{0FD7FB23-328B-4B80-984C-9D026C460CED}.Release|Any CPU.Build.0 = Release|Any CPU
	EndGlobalSection
	GlobalSection(SolutionProperties) = preSolution
		HideSolutionNode = FALSE
	EndGlobalSection
	GlobalSection(ExtensibilityGlobals) = postSolution
		SolutionGuid = {56B6D568-80D3-4978-8DE0-C69F8290C1AB}
	EndGlobalSection
EndGlobal
